
Microsoft Visual Studio Solution File, Format Version 12.00
# Visual Studio Version 16
VisualStudioVersion = 16.0.31911.196
MinimumVisualStudioVersion = 10.0.40219.1
Project("{FAE04EC0-301F-11D3-BF4B-00C04F79EFBC}") = "Mikroszimulacio", "Mikroszimulacio\Mikroszimulacio.csproj", "{D70924B1-F9F3-4B81-82B8-B31270AE5D9A}"
EndProject
Global
	GlobalSection(SolutionConfigurationPlatforms) = preSolution
		Debug|Any CPU = Debug|Any CPU
		Release|Any CPU = Release|Any CPU
	EndGlobalSection
	GlobalSection(ProjectConfigurationPlatforms) = postSolution
		{D70924B1-F9F3-4B81-82B8-B31270AE5D9A}.Debug|Any CPU.ActiveCfg = Debug|Any CPU
		{D70924B1-F9F3-4B81-82B8-B31270AE5D9A}.Debug|Any CPU.Build.0 = Debug|Any CPU
		{D70924B1-F9F3-4B81-82B8-B31270AE5D9A}.Release|Any CPU.ActiveCfg = Release|Any CPU
		{D70924B1-F9F3-4B81-82B8-B31270AE5D9A}.Release|Any CPU.Build.0 = Release|Any CPU
	EndGlobalSection
	GlobalSection(SolutionProperties) = preSolution
		HideSolutionNode = FALSE
	EndGlobalSection
	GlobalSection(ExtensibilityGlobals) = postSolution
		SolutionGuid = {44E3086F-9503-4D1F-B17D-453217840D4E}
	EndGlobalSection
EndGlobal
