
Microsoft Visual Studio Solution File, Format Version 12.00
# Visual Studio Version 16
VisualStudioVersion = 16.0.31911.196
MinimumVisualStudioVersion = 10.0.40219.1
Project("{FAE04EC0-301F-11D3-BF4B-00C04F79EFBC}") = "UserMaintanance", "UserMaintanance\UserMaintanance.csproj", "{E204854C-2E40-4830-83DE-F9F636B4B119}"
EndProject
Global
	GlobalSection(SolutionConfigurationPlatforms) = preSolution
		Debug|Any CPU = Debug|Any CPU
		Release|Any CPU = Release|Any CPU
	EndGlobalSection
	GlobalSection(ProjectConfigurationPlatforms) = postSolution
		{E204854C-2E40-4830-83DE-F9F636B4B119}.Debug|Any CPU.ActiveCfg = Debug|Any CPU
		{E204854C-2E40-4830-83DE-F9F636B4B119}.Debug|Any CPU.Build.0 = Debug|Any CPU
		{E204854C-2E40-4830-83DE-F9F636B4B119}.Release|Any CPU.ActiveCfg = Release|Any CPU
		{E204854C-2E40-4830-83DE-F9F636B4B119}.Release|Any CPU.Build.0 = Release|Any CPU
	EndGlobalSection
	GlobalSection(SolutionProperties) = preSolution
		HideSolutionNode = FALSE
	EndGlobalSection
	GlobalSection(ExtensibilityGlobals) = postSolution
		SolutionGuid = {EB08CEF1-8800-4F5E-BA23-A1272CA32F74}
	EndGlobalSection
EndGlobal
